{
  "lockfileVersion": 1,
  "workspaces": {
    "": {
      "name": "bgd-forge-template",
      "dependencies": {
        "@bgd-labs/aave-address-book": "^4.26.1",
        "@bgd-labs/toolbox": "^0.0.38",
      },
      "devDependencies": {
        "prettier": "2.8.7",
        "prettier-plugin-solidity": "1.1.3",
      },
    },
  },
  "packages": {
    "@adraffy/ens-normalize": ["@adraffy/ens-normalize@1.11.0", "", {}, "sha512-/3DDPKHqqIqxUULp8yP4zODUY1i+2xvVWsv8A79xGWdCAG+8sb0hRh0Rk2QyOJUnnbyPUAZYcpBuRe3nS2OIUg=="],

    "@ark/schema": ["@ark/schema@0.46.0", "", { "dependencies": { "@ark/util": "0.46.0" } }, "sha512-c2UQdKgP2eqqDArfBqQIJppxJHvNNXuQPeuSPlDML4rjw+f1cu0qAlzOG4b8ujgm9ctIDWwhpyw6gjG5ledIVQ=="],

    "@ark/util": ["@ark/util@0.46.0", "", {}, "sha512-JPy/NGWn/lvf1WmGCPw2VGpBg5utZraE84I7wli18EDF3p3zc/e9WolT35tINeZO3l7C77SjqRJeAUoT0CvMRg=="],

    "@assemblyscript/loader": ["@assemblyscript/loader@0.9.4", "", {}, "sha512-HazVq9zwTVwGmqdwYzu7WyQ6FQVZ7SwET0KKQuKm55jD0IfUpZgN0OPIiZG3zV1iSrVYcN0bdwLRXI/VNCYsUA=="],

    "@bgd-labs/aave-address-book": ["@bgd-labs/aave-address-book@4.26.1", "", { "peerDependencies": { "viem": "^2.23.5" } }, "sha512-w3uaiPsvS2DabOD/2CQJ9A8k/FFN6Y5KKN96xdAVfggolB5eNTFizZWL0NPaeEVzmVh2giokWoHXkmIcc6/dOA=="],

    "@bgd-labs/toolbox": ["@bgd-labs/toolbox@0.0.38", "", { "dependencies": { "arktype": "^2.1.20", "blockstore-core": "^5.0.2", "diff": "^7.0.0", "eventsource": "^3.0.6", "gray-matter": "^4.0.3", "ipfs-unixfs-importer": "^15.3.2", "ts-pattern": "^5.8.0", "viem": "^2.30.0" }, "peerDependencies": { "prettier": "^3.5.2", "prettier-plugin-solidity": "^1.0.0" } }, "sha512-mDKnmFdiGkxFmG2tvZNDNX/JbsUbBIUNeR1zqPKNEk+/pqWaNACC1benjIKeFf05dA4ZzzjZGiarwrZ9t3pH9A=="],

    "@chainsafe/is-ip": ["@chainsafe/is-ip@2.1.0", "", {}, "sha512-KIjt+6IfysQ4GCv66xihEitBjvhU/bixbbbFxdJ1sqCp4uJ0wuZiYBPhksZoy4lfaF0k9cwNzY5upEW/VWdw3w=="],

    "@chainsafe/netmask": ["@chainsafe/netmask@2.0.0", "", { "dependencies": { "@chainsafe/is-ip": "^2.0.1" } }, "sha512-I3Z+6SWUoaljh3TBzCnCxjlUyN8tA+NAk5L6m9IxvCf1BENQTePzPMis97CoN/iMW1St3WN+AWCCRp+TTBRiDg=="],

    "@ipld/dag-pb": ["@ipld/dag-pb@4.1.5", "", { "dependencies": { "multiformats": "^13.1.0" } }, "sha512-w4PZ2yPqvNmlAir7/2hsCRMqny1EY5jj26iZcSgxREJexmbAc2FI21jp26MqiNdfgAxvkCnf2N/TJI18GaDNwA=="],

    "@leichtgewicht/ip-codec": ["@leichtgewicht/ip-codec@2.0.5", "", {}, "sha512-Vo+PSpZG2/fmgmiNzYK9qWRh8h/CHrwD0mo1h1DzL4yzHNSfWYujGTYsWGreD000gcgmZ7K4Ys6Tx9TxtsKdDw=="],

    "@libp2p/interface": ["@libp2p/interface@2.10.5", "", { "dependencies": { "@multiformats/dns": "^1.0.6", "@multiformats/multiaddr": "^12.4.4", "it-pushable": "^3.2.3", "it-stream-types": "^2.0.2", "main-event": "^1.0.1", "multiformats": "^13.3.6", "progress-events": "^1.0.1", "uint8arraylist": "^2.4.8" } }, "sha512-Z52n04Mph/myGdwyExbFi5S/HqrmZ9JOmfLc2v4r2Cik3GRdw98vrGH19PFvvwjLwAjaqsweCtlGaBzAz09YDw=="],

    "@libp2p/logger": ["@libp2p/logger@5.1.21", "", { "dependencies": { "@libp2p/interface": "^2.10.5", "@multiformats/multiaddr": "^12.4.4", "interface-datastore": "^8.3.1", "multiformats": "^13.3.6", "weald": "^1.0.4" } }, "sha512-V1TWlZM5BuKkiGQ7En4qOnseVP82JwDIpIfNjceUZz1ArL32A5HXJjLQnJchkZ3VW8PVciJzUos/vP6slhPY6Q=="],

    "@multiformats/dns": ["@multiformats/dns@1.0.6", "", { "dependencies": { "@types/dns-packet": "^5.6.5", "buffer": "^6.0.3", "dns-packet": "^5.6.1", "hashlru": "^2.3.0", "p-queue": "^8.0.1", "progress-events": "^1.0.0", "uint8arrays": "^5.0.2" } }, "sha512-nt/5UqjMPtyvkG9BQYdJ4GfLK3nMqGpFZOzf4hAmIa0sJh2LlS9YKXZ4FgwBDsaHvzZqR/rUFIywIc7pkHNNuw=="],

    "@multiformats/multiaddr": ["@multiformats/multiaddr@12.5.1", "", { "dependencies": { "@chainsafe/is-ip": "^2.0.1", "@chainsafe/netmask": "^2.0.0", "@multiformats/dns": "^1.0.3", "abort-error": "^1.0.1", "multiformats": "^13.0.0", "uint8-varint": "^2.0.1", "uint8arrays": "^5.0.0" } }, "sha512-+DDlr9LIRUS8KncI1TX/FfUn8F2dl6BIxJgshS/yFQCNB5IAF0OGzcwB39g5NLE22s4qqDePv0Qof6HdpJ/4aQ=="],

    "@multiformats/murmur3": ["@multiformats/murmur3@2.1.8", "", { "dependencies": { "multiformats": "^13.0.0", "murmurhash3js-revisited": "^3.0.0" } }, "sha512-6vId1C46ra3R1sbJUOFCZnsUIveR9oF20yhPmAFxPm0JfrX3/ZRCgP3YDrBzlGoEppOXnA9czHeYc0T9mB6hbA=="],

    "@noble/ciphers": ["@noble/ciphers@1.3.0", "", {}, "sha512-2I0gnIVPtfnMw9ee9h1dJG7tp81+8Ob3OJb3Mv37rx5L40/b0i7djjCVvGOVqc9AEIQyvyu1i6ypKdFw8R8gQw=="],

    "@noble/curves": ["@noble/curves@1.9.2", "", { "dependencies": { "@noble/hashes": "1.8.0" } }, "sha512-HxngEd2XUcg9xi20JkwlLCtYwfoFw4JGkuZpT+WlsPD4gB/cxkvTD8fSsoAnphGZhFdZYKeQIPCuFlWPm1uE0g=="],

    "@noble/hashes": ["@noble/hashes@1.8.0", "", {}, "sha512-jCs9ldd7NwzpgXDIf6P3+NrHh9/sD6CQdxHyjQI+h/6rDNo88ypBxxz45UDuZHz9r3tNz7N/VInSVoVdtXEI4A=="],

    "@scure/base": ["@scure/base@1.2.6", "", {}, "sha512-g/nm5FgUa//MCj1gV09zTJTaM6KBAHqLN907YVQqf7zC49+DcO4B1so4ZX07Ef10Twr6nuqYEH9GEggFXA4Fmg=="],

    "@scure/bip32": ["@scure/bip32@1.7.0", "", { "dependencies": { "@noble/curves": "~1.9.0", "@noble/hashes": "~1.8.0", "@scure/base": "~1.2.5" } }, "sha512-E4FFX/N3f4B80AKWp5dP6ow+flD1LQZo/w8UnLGYZO674jS6YnYeepycOOksv+vLPSpgN35wgKgy+ybfTb2SMw=="],

    "@scure/bip39": ["@scure/bip39@1.6.0", "", { "dependencies": { "@noble/hashes": "~1.8.0", "@scure/base": "~1.2.5" } }, "sha512-+lF0BbLiJNwVlev4eKelw1WWLaiKXw7sSl8T6FvBlWkdX+94aGJ4o8XjUdlyhTCjd8c+B3KT3JfS8P0bLRNU6A=="],

    "@solidity-parser/parser": ["@solidity-parser/parser@0.16.2", "", { "dependencies": { "antlr4ts": "^0.5.0-alpha.4" } }, "sha512-PI9NfoA3P8XK2VBkK5oIfRgKDsicwDZfkVq9ZTBCQYGOP1N2owgY2dyLGyU5/J/hQs8KRk55kdmvTLjy3Mu3vg=="],

    "@types/dns-packet": ["@types/dns-packet@5.6.5", "", { "dependencies": { "@types/node": "*" } }, "sha512-qXOC7XLOEe43ehtWJCMnQXvgcIpv6rPmQ1jXT98Ad8A3TB1Ue50jsCbSSSyuazScEuZ/Q026vHbrOTVkmwA+7Q=="],

    "@types/node": ["@types/node@24.2.0", "", { "dependencies": { "undici-types": "~7.10.0" } }, "sha512-3xyG3pMCq3oYCNg7/ZP+E1ooTaGB4cG8JWRsqqOYQdbWNY4zbaV0Ennrd7stjiJEFZCaybcIgpTjJWHRfBSIDw=="],

    "abitype": ["abitype@1.0.8", "", { "peerDependencies": { "typescript": ">=5.0.4", "zod": "^3 >=3.22.0" }, "optionalPeers": ["typescript", "zod"] }, "sha512-ZeiI6h3GnW06uYDLx0etQtX/p8E24UaHHBj57RSjK7YBFe7iuVn07EDpOeP451D06sF27VOz9JJPlIKJmXgkEg=="],

    "abort-error": ["abort-error@1.0.1", "", {}, "sha512-fxqCblJiIPdSXIUrxI0PL+eJG49QdP9SQ70qtB65MVAoMr2rASlOyAbJFOylfB467F/f+5BCLJJq58RYi7mGfg=="],

    "antlr4ts": ["antlr4ts@0.5.0-alpha.4", "", {}, "sha512-WPQDt1B74OfPv/IMS2ekXAKkTZIHl88uMetg6q3OTqgFxZ/dxDXI0EWLyZid/1Pe6hTftyg5N7gel5wNAGxXyQ=="],

    "argparse": ["argparse@1.0.10", "", { "dependencies": { "sprintf-js": "~1.0.2" } }, "sha512-o5Roy6tNG4SL/FOkCAN6RzjiakZS25RLYFrcMttJqbdd8BWrnA+fGz57iN5Pb06pvBGvl5gQ0B48dJlslXvoTg=="],

    "arktype": ["arktype@2.1.20", "", { "dependencies": { "@ark/schema": "0.46.0", "@ark/util": "0.46.0" } }, "sha512-IZCEEXaJ8g+Ijd59WtSYwtjnqXiwM8sWQ5EjGamcto7+HVN9eK0C4p0zDlCuAwWhpqr6fIBkxPuYDl4/Mcj/+Q=="],

    "base64-js": ["base64-js@1.5.1", "", {}, "sha512-AKpaYlHn8t4SVbOHCy+b5+KKgvR4vrsD8vbvrbiQJps7fKDTkjkDry6ji0rUJjC0kzbNePLwzxq8iypo41qeWA=="],

    "bl": ["bl@5.1.0", "", { "dependencies": { "buffer": "^6.0.3", "inherits": "^2.0.4", "readable-stream": "^3.4.0" } }, "sha512-tv1ZJHLfTDnXE6tMHv73YgSJaWR2AFuPwMntBe7XL/GBFHnT0CLnsHMogfk5+GzCDC5ZWarSCYaIGATZt9dNsQ=="],

    "blockstore-core": ["blockstore-core@5.0.4", "", { "dependencies": { "@libp2p/logger": "^5.1.18", "interface-blockstore": "^5.0.0", "interface-store": "^6.0.0", "it-filter": "^3.1.3", "it-merge": "^3.0.11", "multiformats": "^13.3.6" } }, "sha512-v7wtBEpW2J/kKljN7Z2u4Tnwr7qwnOvW1aPVfynIxEdejlVC7gg4z9k6iJt7n5XMGkdNnH4HOmVcjYcaMnu7yg=="],

    "buffer": ["buffer@6.0.3", "", { "dependencies": { "base64-js": "^1.3.1", "ieee754": "^1.2.1" } }, "sha512-FTiCpNxtwiZZHEZbcbTIcZjERVICn9yq/pDFkTl95/AxzD1naBctN7YO68riM/gLSDY7sdrMby8hofADYuuqOA=="],

    "debug": ["debug@4.4.1", "", { "dependencies": { "ms": "^2.1.3" } }, "sha512-KcKCqiftBJcZr++7ykoDIEwSa3XWowTfNPo92BYxjXiyYEVrUQh2aLyhxBCwww+heortUFxEJYcRzosstTEBYQ=="],

    "diff": ["diff@7.0.0", "", {}, "sha512-PJWHUb1RFevKCwaFA9RlG5tCd+FO5iRh9A8HEtkmBH2Li03iJriB6m6JIN4rGz3K3JLawI7/veA1xzRKP6ISBw=="],

    "dns-packet": ["dns-packet@5.6.1", "", { "dependencies": { "@leichtgewicht/ip-codec": "^2.0.1" } }, "sha512-l4gcSouhcgIKRvyy99RNVOgxXiicE+2jZoNmaNmZ6JXiGajBOJAesk1OBlJuM5k2c+eudGdLxDqXuPCKIj6kpw=="],

    "esprima": ["esprima@4.0.1", "", { "bin": { "esparse": "./bin/esparse.js", "esvalidate": "./bin/esvalidate.js" } }, "sha512-eGuFFw7Upda+g4p+QHvnW0RyTX/SVeJBDM/gCtMARO0cLuT2HcEKnTPvhjV6aGeqrCB/sbNop0Kszm0jsaWU4A=="],

    "eventemitter3": ["eventemitter3@5.0.1", "", {}, "sha512-GWkBvjiSZK87ELrYOSESUYeVIc9mvLLf/nXalMOS5dYrgZq9o5OVkbZAVM06CVxYsCwH9BDZFPlQTlPA1j4ahA=="],

    "eventsource": ["eventsource@3.0.7", "", { "dependencies": { "eventsource-parser": "^3.0.1" } }, "sha512-CRT1WTyuQoD771GW56XEZFQ/ZoSfWid1alKGDYMmkt2yl8UXrVR4pspqWNEcqKvVIzg6PAltWjxcSSPrboA4iA=="],

    "eventsource-parser": ["eventsource-parser@3.0.3", "", {}, "sha512-nVpZkTMM9rF6AQ9gPJpFsNAMt48wIzB5TQgiTLdHiuO8XEDhUgZEhqKlZWXbIzo9VmJ/HvysHqEaVeD5v9TPvA=="],

    "extend-shallow": ["extend-shallow@2.0.1", "", { "dependencies": { "is-extendable": "^0.1.0" } }, "sha512-zCnTtlxNoAiDc3gqY2aYAWFx7XWWiasuF2K8Me5WbN8otHKTUKBwjPtNpRs/rbUZm7KxWAaNj7P1a/p52GbVug=="],

    "gray-matter": ["gray-matter@4.0.3", "", { "dependencies": { "js-yaml": "^3.13.1", "kind-of": "^6.0.2", "section-matter": "^1.0.0", "strip-bom-string": "^1.0.0" } }, "sha512-5v6yZd4JK3eMI3FqqCouswVqwugaA9r4dNZB1wwcmrD02QkV5H0y7XBQW8QwQqEaZY1pM9aqORSORhJRdNK44Q=="],

    "hamt-sharding": ["hamt-sharding@3.0.6", "", { "dependencies": { "sparse-array": "^1.3.1", "uint8arrays": "^5.0.1" } }, "sha512-nZeamxfymIWLpVcAN0CRrb7uVq3hCOGj9IcL6NMA6VVCVWqj+h9Jo/SmaWuS92AEDf1thmHsM5D5c70hM3j2Tg=="],

    "hashlru": ["hashlru@2.3.0", "", {}, "sha512-0cMsjjIC8I+D3M44pOQdsy0OHXGLVz6Z0beRuufhKa0KfaD2wGwAev6jILzXsd3/vpnNQJmWyZtIILqM1N+n5A=="],

    "ieee754": ["ieee754@1.2.1", "", {}, "sha512-dcyqhDvX1C46lXZcVqCpK+FtMRQVdIMN6/Df5js2zouUsqG7I6sFxitIC+7KYK29KdXOLHdu9zL4sFnoVQnqaA=="],

    "inherits": ["inherits@2.0.4", "", {}, "sha512-k/vGaX4/Yla3WzyMCvTQOXYeIHvqOKtnqBduzTHpzpQZzAskKMhZ2K+EnBiSM9zGSoIFeMpXKxa4dYeZIQqewQ=="],

    "interface-blockstore": ["interface-blockstore@5.3.2", "", { "dependencies": { "interface-store": "^6.0.0", "multiformats": "^13.3.6" } }, "sha512-oA9Pjkxun/JHAsZrYEyKX+EoPjLciTzidE7wipLc/3YoHDjzsnXRJzAzFJXNUvogtY4g7hIwxArx8+WKJs2RIg=="],

    "interface-datastore": ["interface-datastore@8.3.2", "", { "dependencies": { "interface-store": "^6.0.0", "uint8arrays": "^5.1.0" } }, "sha512-R3NLts7pRbJKc3qFdQf+u40hK8XWc0w4Qkx3OFEstC80VoaDUABY/dXA2EJPhtNC+bsrf41Ehvqb6+pnIclyRA=="],

    "interface-store": ["interface-store@6.0.3", "", {}, "sha512-+WvfEZnFUhRwFxgz+QCQi7UC6o9AM0EHM9bpIe2Nhqb100NHCsTvNAn4eJgvgV2/tmLo1MP9nGxQKEcZTAueLA=="],

    "ipfs-unixfs": ["ipfs-unixfs@11.2.5", "", { "dependencies": { "protons-runtime": "^5.5.0", "uint8arraylist": "^2.4.8" } }, "sha512-uasYJ0GLPbViaTFsOLnL9YPjX5VmhnqtWRriogAHOe4ApmIi9VAOFBzgDHsUW2ub4pEa/EysbtWk126g2vkU/g=="],

    "ipfs-unixfs-importer": ["ipfs-unixfs-importer@15.4.0", "", { "dependencies": { "@ipld/dag-pb": "^4.1.5", "@multiformats/murmur3": "^2.1.8", "hamt-sharding": "^3.0.6", "interface-blockstore": "^5.3.2", "interface-store": "^6.0.3", "ipfs-unixfs": "^11.0.0", "it-all": "^3.0.9", "it-batch": "^3.0.9", "it-first": "^3.0.9", "it-parallel-batch": "^3.0.9", "multiformats": "^13.3.7", "progress-events": "^1.0.1", "rabin-wasm": "^0.1.5", "uint8arraylist": "^2.4.8", "uint8arrays": "^5.1.0" } }, "sha512-laypY07Q0uGLMSxx5YsfVAEPVzdbV2p9cEC1/HNxqoWoz83LA2nX45usr8dcehalKLHm38u0FwUiRHq5wCHngQ=="],

    "is-extendable": ["is-extendable@0.1.1", "", {}, "sha512-5BMULNob1vgFX6EjQw5izWDxrecWK9AM72rugNr0TFldMOi0fj6Jk+zeKIt0xGj4cEfQIJth4w3OKWOJ4f+AFw=="],

    "isows": ["isows@1.0.7", "", { "peerDependencies": { "ws": "*" } }, "sha512-I1fSfDCZL5P0v33sVqeTDSpcstAg/N+wF5HS033mogOVIp4B+oHC7oOCsA3axAbBSGTJ8QubbNmnIRN/h8U7hg=="],

    "it-all": ["it-all@3.0.9", "", {}, "sha512-fz1oJJ36ciGnu2LntAlE6SA97bFZpW7Rnt0uEc1yazzR2nKokZLr8lIRtgnpex4NsmaBcvHF+Z9krljWFy/mmg=="],

    "it-batch": ["it-batch@3.0.9", "", {}, "sha512-z6p89Q8gm2urBtF3JcpnbJogacijWk3m1uc3xZYI3x0eJUoYLUbgF8IxJ2fnuVObV7yRv3SixfwGCufaZY1NCg=="],

    "it-filter": ["it-filter@3.1.4", "", { "dependencies": { "it-peekable": "^3.0.0" } }, "sha512-80kWEKgiFEa4fEYD3mwf2uygo1dTQ5Y5midKtL89iXyjinruA/sNXl6iFkTcdNedydjvIsFhWLiqRPQP4fAwWQ=="],

    "it-first": ["it-first@3.0.9", "", {}, "sha512-ZWYun273Gbl7CwiF6kK5xBtIKR56H1NoRaiJek2QzDirgen24u8XZ0Nk+jdnJSuCTPxC2ul1TuXKxu/7eK6NuA=="],

    "it-merge": ["it-merge@3.0.12", "", { "dependencies": { "it-queueless-pushable": "^2.0.0" } }, "sha512-nnnFSUxKlkZVZD7c0jYw6rDxCcAQYcMsFj27thf7KkDhpj0EA0g9KHPxbFzHuDoc6US2EPS/MtplkNj8sbCx4Q=="],

    "it-parallel-batch": ["it-parallel-batch@3.0.9", "", { "dependencies": { "it-batch": "^3.0.0" } }, "sha512-TszXWqqLG8IG5DUEnC4cgH9aZI6CsGS7sdkXTiiacMIj913bFy7+ohU3IqsFURCcZkpnXtNLNzrYnXISsKBhbQ=="],

    "it-peekable": ["it-peekable@3.0.8", "", {}, "sha512-7IDBQKSp/dtBxXV3Fj0v3qM1jftJ9y9XrWLRIuU1X6RdKqWiN60syNwP0fiDxZD97b8SYM58dD3uklIk1TTQAw=="],

    "it-pushable": ["it-pushable@3.2.3", "", { "dependencies": { "p-defer": "^4.0.0" } }, "sha512-gzYnXYK8Y5t5b/BnJUr7glfQLO4U5vyb05gPx/TyTw+4Bv1zM9gFk4YsOrnulWefMewlphCjKkakFvj1y99Tcg=="],

    "it-queueless-pushable": ["it-queueless-pushable@2.0.2", "", { "dependencies": { "abort-error": "^1.0.1", "p-defer": "^4.0.1", "race-signal": "^1.1.3" } }, "sha512-2BqIt7XvDdgEgudLAdJkdseAwbVSBc0yAd8yPVHrll4eBuJPWIj9+8C3OIxzEKwhswLtd3bi+yLrzgw9gCyxMA=="],

    "it-stream-types": ["it-stream-types@2.0.2", "", {}, "sha512-Rz/DEZ6Byn/r9+/SBCuJhpPATDF9D+dz5pbgSUyBsCDtza6wtNATrz/jz1gDyNanC3XdLboriHnOC925bZRBww=="],

    "js-yaml": ["js-yaml@3.14.1", "", { "dependencies": { "argparse": "^1.0.7", "esprima": "^4.0.0" }, "bin": { "js-yaml": "bin/js-yaml.js" } }, "sha512-okMH7OXXJ7YrN9Ok3/SXrnu4iX9yOk+25nqX4imS2npuvTYDmo/QEZoqwZkYaIDk3jVvBOTOIEgEhaLOynBS9g=="],

    "kind-of": ["kind-of@6.0.3", "", {}, "sha512-dcS1ul+9tmeD95T+x28/ehLgd9mENa3LsvDTtzm3vyBEO7RPptvAD+t44WVXaUjTBRcrpFeFlC8WCruUR456hw=="],

    "main-event": ["main-event@1.0.1", "", {}, "sha512-NWtdGrAca/69fm6DIVd8T9rtfDII4Q8NQbIbsKQq2VzS9eqOGYs8uaNQjcuaCq/d9H/o625aOTJX2Qoxzqw0Pw=="],

    "minimist": ["minimist@1.2.8", "", {}, "sha512-2yyAR8qBkN3YuheJanUpWC5U3bb5osDywNB8RzDVlDwDHbocAJveqqj1u8+SVD7jkWT4yvsHCpWqqWqAxb0zCA=="],

    "ms": ["ms@3.0.0-canary.1", "", {}, "sha512-kh8ARjh8rMN7Du2igDRO9QJnqCb2xYTJxyQYK7vJJS4TvLLmsbyhiKpSW+t+y26gyOyMd0riphX0GeWKU3ky5g=="],

    "multiformats": ["multiformats@13.4.0", "", {}, "sha512-Mkb/QcclrJxKC+vrcIFl297h52QcKh2Az/9A5vbWytbQt4225UWWWmIuSsKksdww9NkIeYcA7DkfftyLuC/JSg=="],

    "murmurhash3js-revisited": ["murmurhash3js-revisited@3.0.0", "", {}, "sha512-/sF3ee6zvScXMb1XFJ8gDsSnY+X8PbOyjIuBhtgis10W2Jx4ZjIhikUCIF9c4gpJxVnQIsPAFrSwTCuAjicP6g=="],

    "node-fetch": ["node-fetch@2.7.0", "", { "dependencies": { "whatwg-url": "^5.0.0" }, "peerDependencies": { "encoding": "^0.1.0" }, "optionalPeers": ["encoding"] }, "sha512-c4FRfUm/dbcWZ7U+1Wq0AwCyFL+3nt2bEw05wfxSz+DWpWsitgmSgYmy2dQdWyKC1694ELPqMs/YzUSNozLt8A=="],

    "ox": ["ox@0.8.6", "", { "dependencies": { "@adraffy/ens-normalize": "^1.11.0", "@noble/ciphers": "^1.3.0", "@noble/curves": "^1.9.1", "@noble/hashes": "^1.8.0", "@scure/bip32": "^1.7.0", "@scure/bip39": "^1.6.0", "abitype": "^1.0.8", "eventemitter3": "5.0.1" }, "peerDependencies": { "typescript": ">=5.4.0" }, "optionalPeers": ["typescript"] }, "sha512-eiKcgiVVEGDtEpEdFi1EGoVVI48j6icXHce9nFwCNM7CKG3uoCXKdr4TPhS00Iy1TR2aWSF1ltPD0x/YgqIL9w=="],

    "p-defer": ["p-defer@4.0.1", "", {}, "sha512-Mr5KC5efvAK5VUptYEIopP1bakB85k2IWXaRC0rsh1uwn1L6M0LVml8OIQ4Gudg4oyZakf7FmeRLkMMtZW1i5A=="],

    "p-queue": ["p-queue@8.1.0", "", { "dependencies": { "eventemitter3": "^5.0.1", "p-timeout": "^6.1.2" } }, "sha512-mxLDbbGIBEXTJL0zEx8JIylaj3xQ7Z/7eEVjcF9fJX4DBiH9oqe+oahYnlKKxm0Ci9TlWTyhSHgygxMxjIB2jw=="],

    "p-timeout": ["p-timeout@6.1.4", "", {}, "sha512-MyIV3ZA/PmyBN/ud8vV9XzwTrNtR4jFrObymZYnZqMmW0zA8Z17vnT0rBgFE/TlohB+YCHqXMgZzb3Csp49vqg=="],

    "prettier": ["prettier@2.8.7", "", { "bin": { "prettier": "bin-prettier.js" } }, "sha512-yPngTo3aXUUmyuTjeTUT75txrf+aMh9FiD7q9ZE/i6r0bPb22g4FsE6Y338PQX1bmfy08i9QQCB7/rcUAVntfw=="],

    "prettier-plugin-solidity": ["prettier-plugin-solidity@1.1.3", "", { "dependencies": { "@solidity-parser/parser": "^0.16.0", "semver": "^7.3.8", "solidity-comments-extractor": "^0.0.7" }, "peerDependencies": { "prettier": ">=2.3.0 || >=3.0.0-alpha.0" } }, "sha512-fQ9yucPi2sBbA2U2Xjh6m4isUTJ7S7QLc/XDDsktqqxYfTwdYKJ0EnnywXHwCGAaYbQNK+HIYPL1OemxuMsgeg=="],

    "progress-events": ["progress-events@1.0.1", "", {}, "sha512-MOzLIwhpt64KIVN64h1MwdKWiyKFNc/S6BoYKPIVUHFg0/eIEyBulhWCgn678v/4c0ri3FdGuzXymNCv02MUIw=="],

    "protons-runtime": ["protons-runtime@5.6.0", "", { "dependencies": { "uint8-varint": "^2.0.2", "uint8arraylist": "^2.4.3", "uint8arrays": "^5.0.1" } }, "sha512-/Kde+sB9DsMFrddJT/UZWe6XqvL7SL5dbag/DBCElFKhkwDj7XKt53S+mzLyaDP5OqS0wXjV5SA572uWDaT0Hg=="],

    "rabin-wasm": ["rabin-wasm@0.1.5", "", { "dependencies": { "@assemblyscript/loader": "^0.9.4", "bl": "^5.0.0", "debug": "^4.3.1", "minimist": "^1.2.5", "node-fetch": "^2.6.1", "readable-stream": "^3.6.0" }, "bin": { "rabin-wasm": "cli/bin.js" } }, "sha512-uWgQTo7pim1Rnj5TuWcCewRDTf0PEFTSlaUjWP4eY9EbLV9em08v89oCz/WO+wRxpYuO36XEHp4wgYQnAgOHzA=="],

    "race-signal": ["race-signal@1.1.3", "", {}, "sha512-Mt2NznMgepLfORijhQMncE26IhkmjEphig+/1fKC0OtaKwys/gpvpmswSjoN01SS+VO951mj0L4VIDXdXsjnfA=="],

    "readable-stream": ["readable-stream@3.6.2", "", { "dependencies": { "inherits": "^2.0.3", "string_decoder": "^1.1.1", "util-deprecate": "^1.0.1" } }, "sha512-9u/sniCrY3D5WdsERHzHE4G2YCXqoG5FTHUiCC4SIbr6XcLZBY05ya9EKjYek9O5xOAwjGq+1JdGBAS7Q9ScoA=="],

    "safe-buffer": ["safe-buffer@5.2.1", "", {}, "sha512-rp3So07KcdmmKbGvgaNxQSJr7bGVSVk5S9Eq1F+ppbRo70+YeaDxkw5Dd8NPN+GD6bjnYm2VuPuCXmpuYvmCXQ=="],

    "section-matter": ["section-matter@1.0.0", "", { "dependencies": { "extend-shallow": "^2.0.1", "kind-of": "^6.0.0" } }, "sha512-vfD3pmTzGpufjScBh50YHKzEu2lxBWhVEHsNGoEXmCmn2hKGfeNLYMzCJpe8cD7gqX7TJluOVpBkAequ6dgMmA=="],

    "semver": ["semver@7.7.2", "", { "bin": { "semver": "bin/semver.js" } }, "sha512-RF0Fw+rO5AMf9MAyaRXI4AV0Ulj5lMHqVxxdSgiVbixSCXoEmmX/jk0CuJw4+3SqroYO9VoUh+HcuJivvtJemA=="],

    "solidity-comments-extractor": ["solidity-comments-extractor@0.0.7", "", {}, "sha512-wciNMLg/Irp8OKGrh3S2tfvZiZ0NEyILfcRCXCD4mp7SgK/i9gzLfhY2hY7VMCQJ3kH9UB9BzNdibIVMchzyYw=="],

    "sparse-array": ["sparse-array@1.3.2", "", {}, "sha512-ZT711fePGn3+kQyLuv1fpd3rNSkNF8vd5Kv2D+qnOANeyKs3fx6bUMGWRPvgTTcYV64QMqZKZwcuaQSP3AZ0tg=="],

    "sprintf-js": ["sprintf-js@1.0.3", "", {}, "sha512-D9cPgkvLlV3t3IzL0D0YLvGA9Ahk4PcvVwUbN0dSGr1aP0Nrt4AEnTUbuGvquEC0mA64Gqt1fzirlRs5ibXx8g=="],

    "string_decoder": ["string_decoder@1.3.0", "", { "dependencies": { "safe-buffer": "~5.2.0" } }, "sha512-hkRX8U1WjJFd8LsDJ2yQ/wWWxaopEsABU1XfkM8A+j0+85JAGppt16cr1Whg6KIbb4okU6Mql6BOj+uup/wKeA=="],

    "strip-bom-string": ["strip-bom-string@1.0.0", "", {}, "sha512-uCC2VHvQRYu+lMh4My/sFNmF2klFymLX1wHJeXnbEJERpV/ZsVuonzerjfrGpIGF7LBVa1O7i9kjiWvJiFck8g=="],

    "supports-color": ["supports-color@9.4.0", "", {}, "sha512-VL+lNrEoIXww1coLPOmiEmK/0sGigko5COxI09KzHc2VJXJsQ37UaQ+8quuxjDeA7+KnLGTWRyOXSLLR2Wb4jw=="],

    "tr46": ["tr46@0.0.3", "", {}, "sha512-N3WMsuqV66lT30CrXNbEjx4GEwlow3v6rr4mCcv6prnfwhS01rkgyFdjPNBYd9br7LpXV1+Emh01fHnq2Gdgrw=="],

    "ts-pattern": ["ts-pattern@5.8.0", "", {}, "sha512-kIjN2qmWiHnhgr5DAkAafF9fwb0T5OhMVSWrm8XEdTFnX6+wfXwYOFjeF86UZ54vduqiR7BfqScFmXSzSaH8oA=="],

    "uint8-varint": ["uint8-varint@2.0.4", "", { "dependencies": { "uint8arraylist": "^2.0.0", "uint8arrays": "^5.0.0" } }, "sha512-FwpTa7ZGA/f/EssWAb5/YV6pHgVF1fViKdW8cWaEarjB8t7NyofSWBdOTyFPaGuUG4gx3v1O3PQ8etsiOs3lcw=="],

    "uint8arraylist": ["uint8arraylist@2.4.8", "", { "dependencies": { "uint8arrays": "^5.0.1" } }, "sha512-vc1PlGOzglLF0eae1M8mLRTBivsvrGsdmJ5RbK3e+QRvRLOZfZhQROTwH/OfyF3+ZVUg9/8hE8bmKP2CvP9quQ=="],

    "uint8arrays": ["uint8arrays@5.1.0", "", { "dependencies": { "multiformats": "^13.0.0" } }, "sha512-vA6nFepEmlSKkMBnLBaUMVvAC4G3CTmO58C12y4sq6WPDOR7mOFYOi7GlrQ4djeSbP6JG9Pv9tJDM97PedRSww=="],

    "undici-types": ["undici-types@7.10.0", "", {}, "sha512-t5Fy/nfn+14LuOc2KNYg75vZqClpAiqscVvMygNnlsHBFpSXdJaYtXMcdNLpl/Qvc3P2cB3s6lOV51nqsFq4ag=="],

    "util-deprecate": ["util-deprecate@1.0.2", "", {}, "sha512-EPD5q1uXyFxJpCrLnCc1nHnq3gOa6DZBocAIiI2TaSCA7VCJ1UJDMagCzIkXNsUYfD1daK//LTEQ8xiIbrHtcw=="],

    "viem": ["viem@2.33.2", "", { "dependencies": { "@noble/curves": "1.9.2", "@noble/hashes": "1.8.0", "@scure/bip32": "1.7.0", "@scure/bip39": "1.6.0", "abitype": "1.0.8", "isows": "1.0.7", "ox": "0.8.6", "ws": "8.18.2" }, "peerDependencies": { "typescript": ">=5.0.4" }, "optionalPeers": ["typescript"] }, "sha512-/720OaM4dHWs8vXwNpyet+PRERhPaW+n/1UVSCzyb9jkmwwVfaiy/R6YfCFb4v+XXbo8s3Fapa3DM5yCRSkulA=="],

    "weald": ["weald@1.0.4", "", { "dependencies": { "ms": "^3.0.0-canary.1", "supports-color": "^9.4.0" } }, "sha512-+kYTuHonJBwmFhP1Z4YQK/dGi3jAnJGCYhyODFpHK73rbxnp9lnZQj7a2m+WVgn8fXr5bJaxUpF6l8qZpPeNWQ=="],

    "webidl-conversions": ["webidl-conversions@3.0.1", "", {}, "sha512-2JAn3z8AR6rjK8Sm8orRC0h/bcl/DqL7tRPdGZ4I1CjdF+EaMLmYxBHyXuKL849eucPFhvBoxMsflfOb8kxaeQ=="],

    "whatwg-url": ["whatwg-url@5.0.0", "", { "dependencies": { "tr46": "~0.0.3", "webidl-conversions": "^3.0.0" } }, "sha512-saE57nupxk6v3HY35+jzBwYa0rKSy0XR8JSxZPwgLr7ys0IBzhGviA1/TUGJLmSVqs8pb9AnvICXEuOHLprYTw=="],

    "ws": ["ws@8.18.2", "", { "peerDependencies": { "bufferutil": "^4.0.1", "utf-8-validate": ">=5.0.2" }, "optionalPeers": ["bufferutil", "utf-8-validate"] }, "sha512-DMricUmwGZUVr++AEAe2uiVM7UoO9MAVZMDu05UQOaUII0lp+zOzLLU4Xqh/JvTqklB1T4uELaaPBKyjE1r4fQ=="],

    "debug/ms": ["ms@2.1.3", "", {}, "sha512-6FlzubTLZG3J2a/NVCAleEhjzq5oxgHyaCU9yYXvcLsvoVaHJq/s5xXI6/XXP6tz7R9xAOtHnSO/tXtF3WRTlA=="],
  }
}
